// !$*UTF8*$!
{
	archiveVersion = 1;
	classes = {
	};
	objectVersion = 50;
	objects = {

/* Begin PBXBuildFile section */
		044DE9FA25781AA900813652 /* AppDelegate.swift in Sources */ = {isa = PBXBuildFile; fileRef = 044DE9F925781AA900813652 /* AppDelegate.swift */; };
		044DE9FC25781AA900813652 /* SceneDelegate.swift in Sources */ = {isa = PBXBuildFile; fileRef = 044DE9FB25781AA900813652 /* SceneDelegate.swift */; };
		044DE9FE25781AA900813652 /* ContentView.swift in Sources */ = {isa = PBXBuildFile; fileRef = 044DE9FD25781AA900813652 /* ContentView.swift */; };
		044DEA0025781AAD00813652 /* Assets.xcassets in Resources */ = {isa = PBXBuildFile; fileRef = 044DE9FF25781AAD00813652 /* Assets.xcassets */; };
		044DEA0325781AAD00813652 /* Preview Assets.xcassets in Resources */ = {isa = PBXBuildFile; fileRef = 044DEA0225781AAD00813652 /* Preview Assets.xcassets */; };
		044DEA0625781AAD00813652 /* LaunchScreen.storyboard in Resources */ = {isa = PBXBuildFile; fileRef = 044DEA0425781AAD00813652 /* LaunchScreen.storyboard */; };
		04A5E3C4258672F6009C826F /* Helper.swift in Sources */ = {isa = PBXBuildFile; fileRef = 04A5E3C3258672F6009C826F /* Helper.swift */; };
/* End PBXBuildFile section */

/* Begin PBXFileReference section */
		044DE9F625781AA900813652 /* Swift_CheckOut.app */ = {isa = PBXFileReference; explicitFileType = wrapper.application; includeInIndex = 0; path = Swift_CheckOut.app; sourceTree = BUILT_PRODUCTS_DIR; };
		044DE9F925781AA900813652 /* AppDelegate.swift */ = {isa = PBXFileReference; lastKnownFileType = sourcecode.swift; path = AppDelegate.swift; sourceTree = "<group>"; };
		044DE9FB25781AA900813652 /* SceneDelegate.swift */ = {isa = PBXFileReference; lastKnownFileType = sourcecode.swift; path = SceneDelegate.swift; sourceTree = "<group>"; };
		044DE9FD25781AA900813652 /* ContentView.swift */ = {isa = PBXFileReference; lastKnownFileType = sourcecode.swift; path = ContentView.swift; sourceTree = "<group>"; };
		044DE9FF25781AAD00813652 /* Assets.xcassets */ = {isa = PBXFileReference; lastKnownFileType = folder.assetcatalog; path = Assets.xcassets; sourceTree = "<group>"; };
		044DEA0225781AAD00813652 /* Preview Assets.xcassets */ = {isa = PBXFileReference; lastKnownFileType = folder.assetcatalog; path = "Preview Assets.xcassets"; sourceTree = "<group>"; };
		044DEA0525781AAD00813652 /* Base */ = {isa = PBXFileReference; lastKnownFileType = file.storyboard; name = Base; path = Base.lproj/LaunchScreen.storyboard; sourceTree = "<group>"; };
		044DEA0725781AAD00813652 /* Info.plist */ = {isa = PBXFileReference; lastKnownFileType = text.plist.xml; path = Info.plist; sourceTree = "<group>"; };
		04A5E3C3258672F6009C826F /* Helper.swift */ = {isa = PBXFileReference; fileEncoding = 4; lastKnownFileType = sourcecode.swift; path = Helper.swift; sourceTree = "<group>"; };
/* End PBXFileReference section */

/* Begin PBXFrameworksBuildPhase section */
		044DE9F325781AA900813652 /* Frameworks */ = {
			isa = PBXFrameworksBuildPhase;
			buildActionMask = 2147483647;
			files = (
			);
			runOnlyForDeploymentPostprocessing = 0;
		};
/* End PBXFrameworksBuildPhase section */

/* Begin PBXGroup section */
		044DE9ED25781AA800813652 = {
			isa = PBXGroup;
			children = (
				044DE9F825781AA900813652 /* Swift_CheckOut */,
				044DE9F725781AA900813652 /* Products */,
			);
			sourceTree = "<group>";
		};
		044DE9F725781AA900813652 /* Products */ = {
			isa = PBXGroup;
			children = (
				044DE9F625781AA900813652 /* Swift_CheckOut.app */,
			);
			name = Products;
			sourceTree = "<group>";
		};
		044DE9F825781AA900813652 /* Swift_CheckOut */ = {
			isa = PBXGroup;
			children = (
				044DE9F925781AA900813652 /* AppDelegate.swift */,
				044DE9FB25781AA900813652 /* SceneDelegate.swift */,
				04A5E3C3258672F6009C826F /* Helper.swift */,
				044DE9FD25781AA900813652 /* ContentView.swift */,
				044DE9FF25781AAD00813652 /* Assets.xcassets */,
				044DEA0425781AAD00813652 /* LaunchScreen.storyboard */,
				044DEA0725781AAD00813652 /* Info.plist */,
				044DEA0125781AAD00813652 /* Preview Content */,
			);
			path = Swift_CheckOut;
			sourceTree = "<group>";
		};
		044DEA0125781AAD00813652 /* Preview Content */ = {
			isa = PBXGroup;
			children = (
				044DEA0225781AAD00813652 /* Preview Assets.xcassets */,
			);
			path = "Preview Content";
			sourceTree = "<group>";
		};
/* End PBXGroup section */

/* Begin PBXNativeTarget section */
		044DE9F525781AA900813652 /* Swift_CheckOut */ = {
			isa = PBXNativeTarget;
			buildConfigurationList = 044DEA0A25781AAD00813652 /* Build configuration list for PBXNativeTarget "Swift_CheckOut" */;
			buildPhases = (
				044DE9F225781AA900813652 /* Sources */,
				044DE9F325781AA900813652 /* Frameworks */,
				044DE9F425781AA900813652 /* Resources */,
			);
			buildRules = (
			);
			dependencies = (
			);
			name = Swift_CheckOut;
			productName = Swift_CheckOut;
			productReference = 044DE9F625781AA900813652 /* Swift_CheckOut.app */;
			productType = "com.apple.product-type.application";
		};
/* End PBXNativeTarget section */

/* Begin PBXProject section */
		044DE9EE25781AA800813652 /* Project object */ = {
			isa = PBXProject;
			attributes = {
				LastSwiftUpdateCheck = 1220;
				LastUpgradeCheck = 1220;
				TargetAttributes = {
					044DE9F525781AA900813652 = {
						CreatedOnToolsVersion = 12.2;
					};
				};
			};
			buildConfigurationList = 044DE9F125781AA900813652 /* Build configuration list for PBXProject "Swift_CheckOut" */;
			compatibilityVersion = "Xcode 9.3";
			developmentRegion = en;
			hasScannedForEncodings = 0;
			knownRegions = (
				en,
				Base,
			);
			mainGroup = 044DE9ED25781AA800813652;
			productRefGroup = 044DE9F725781AA900813652 /* Products */;
			projectDirPath = "";
			projectRoot = "";
			targets = (
				044DE9F525781AA900813652 /* Swift_CheckOut */,
			);
		};
/* End PBXProject section */

/* Begin PBXResourcesBuildPhase section */
		044DE9F425781AA900813652 /* Resources */ = {
			isa = PBXResourcesBuildPhase;
			buildActionMask = 2147483647;
			files = (
				044DEA0625781AAD00813652 /* LaunchScreen.storyboard in Resources */,
				044DEA0325781AAD00813652 /* Preview Assets.xcassets in Resources */,
				044DEA0025781AAD00813652 /* Assets.xcassets in Resources */,
			);
			runOnlyForDeploymentPostprocessing = 0;
		};
/* End PBXResourcesBuildPhase section */

/* Begin PBXSourcesBuildPhase section */
		044DE9F225781AA900813652 /* Sources */ = {
			isa = PBXSourcesBuildPhase;
			buildActionMask = 2147483647;
			files = (
				044DE9FA25781AA900813652 /* AppDelegate.swift in Sources */,
				044DE9FC25781AA900813652 /* SceneDelegate.swift in Sources */,
				044DE9FE25781AA900813652 /* ContentView.swift in Sources */,
				04A5E3C4258672F6009C826F /* Helper.swift in Sources */,
			);
			runOnlyForDeploymentPostprocessing = 0;
		};
/* End PBXSourcesBuildPhase section */

/* Begin PBXVariantGroup section */
		044DEA0425781AAD00813652 /* LaunchScreen.storyboard */ = {
			isa = PBXVariantGroup;
			children = (
				044DEA0525781AAD00813652 /* Base */,
			);
			name = LaunchScreen.storyboard;
			sourceTree = "<group>";
		};
/* End PBXVariantGroup section */

/* Begin XCBuildConfiguration section */
		044DEA0825781AAD00813652 /* Debug */ = {
			isa = XCBuildConfiguration;
			buildSettings = {
				ALWAYS_SEARCH_USER_PATHS = NO;
				CLANG_ANALYZER_NONNULL = YES;
				CLANG_ANALYZER_NUMBER_OBJECT_CONVERSION = YES_AGGRESSIVE;
				CLANG_CXX_LANGUAGE_STANDARD = "gnu++14";
				CLANG_CXX_LIBRARY = "libc++";
				CLANG_ENABLE_MODULES = YES;
				CLANG_ENABLE_OBJC_ARC = YES;
				CLANG_ENABLE_OBJC_WEAK = YES;
				CLANG_WARN_BLOCK_CAPTURE_AUTORELEASING = YES;
				CLANG_WARN_BOOL_CONVERSION = YES;
				CLANG_WARN_COMMA = YES;
				CLANG_WARN_CONSTANT_CONVERSION = YES;
				CLANG_WARN_DEPRECATED_OBJC_IMPLEMENTATIONS = YES;
				CLANG_WARN_DIRECT_OBJC_ISA_USAGE = YES_ERROR;
				CLANG_WARN_DOCUMENTATION_COMMENTS = YES;
				CLANG_WARN_EMPTY_BODY = YES;
				CLANG_WARN_ENUM_CONVERSION = YES;
				CLANG_WARN_INFINITE_RECURSION = YES;
				CLANG_WARN_INT_CONVERSION = YES;
				CLANG_WARN_NON_LITERAL_NULL_CONVERSION = YES;
				CLANG_WARN_OBJC_IMPLICIT_RETAIN_SELF = YES;
				CLANG_WARN_OBJC_LITERAL_CONVERSION = YES;
				CLANG_WARN_OBJC_ROOT_CLASS = YES_ERROR;
				CLANG_WARN_QUOTED_INCLUDE_IN_FRAMEWORK_HEADER = YES;
				CLANG_WARN_RANGE_LOOP_ANALYSIS = YES;
				CLANG_WARN_STRICT_PROTOTYPES = YES;
				CLANG_WARN_SUSPICIOUS_MOVE = YES;
				CLANG_WARN_UNGUARDED_AVAILABILITY = YES_AGGRESSIVE;
				CLANG_WARN_UNREACHABLE_CODE = YES;
				CLANG_WARN__DUPLICATE_METHOD_MATCH = YES;
				COPY_PHASE_STRIP = NO;
				DEBUG_INFORMATION_FORMAT = dwarf;
				ENABLE_STRICT_OBJC_MSGSEND = YES;
				ENABLE_TESTABILITY = YES;
				GCC_C_LANGUAGE_STANDARD = gnu11;
				GCC_DYNAMIC_NO_PIC = NO;
				GCC_NO_COMMON_BLOCKS = YES;
				GCC_OPTIMIZATION_LEVEL = 0;
				GCC_PREPROCESSOR_DEFINITIONS = (
					"DEBUG=1",
					"$(inherited)",
				);
				GCC_WARN_64_TO_32_BIT_CONVERSION = YES;
				GCC_WARN_ABOUT_RETURN_TYPE = YES_ERROR;
				GCC_WARN_UNDECLARED_SELECTOR = YES;
				GCC_WARN_UNINITIALIZED_AUTOS = YES_AGGRESSIVE;
				GCC_WARN_UNUSED_FUNCTION = YES;
				GCC_WARN_UNUSED_VARIABLE = YES;
				IPHONEOS_DEPLOYMENT_TARGET = 14.2;
				MTL_ENABLE_DEBUG_INFO = INCLUDE_SOURCE;
				MTL_FAST_MATH = YES;
				ONLY_ACTIVE_ARCH = YES;
				SDKROOT = iphoneos;
				SWIFT_ACTIVE_COMPILATION_CONDITIONS = DEBUG;
				SWIFT_OPTIMIZATION_LEVEL = "-Onone";
			};
			name = Debug;
		};
		044DEA0925781AAD00813652 /* Release */ = {
			isa = XCBuildConfiguration;
			buildSettings = {
				ALWAYS_SEARCH_USER_PATHS = NO;
				CLANG_ANALYZER_NONNULL = YES;
				CLANG_ANALYZER_NUMBER_OBJECT_CONVERSION = YES_AGGRESSIVE;
				CLANG_CXX_LANGUAGE_STANDARD = "gnu++14";
				CLANG_CXX_LIBRARY = "libc++";
				CLANG_ENABLE_MODULES = YES;
				CLANG_ENABLE_OBJC_ARC = YES;
				CLANG_ENABLE_OBJC_WEAK = YES;
				CLANG_WARN_BLOCK_CAPTURE_AUTORELEASING = YES;
				CLANG_WARN_BOOL_CONVERSION = YES;
				CLANG_WARN_COMMA = YES;
				CLANG_WARN_CONSTANT_CONVERSION = YES;
				CLANG_WARN_DEPRECATED_OBJC_IMPLEMENTATIONS = YES;
				CLANG_WARN_DIRECT_OBJC_ISA_USAGE = YES_ERROR;
				CLANG_WARN_DOCUMENTATION_COMMENTS = YES;
				CLANG_WARN_EMPTY_BODY = YES;
				CLANG_WARN_ENUM_CONVERSION = YES;
				CLANG_WARN_INFINITE_RECURSION = YES;
				CLANG_WARN_INT_CONVERSION = YES;
				CLANG_WARN_NON_LITERAL_NULL_CONVERSION = YES;
				CLANG_WARN_OBJC_IMPLICIT_RETAIN_SELF = YES;
				CLANG_WARN_OBJC_LITERAL_CONVERSION = YES;
				CLANG_WARN_OBJC_ROOT_CLASS = YES_ERROR;
				CLANG_WARN_QUOTED_INCLUDE_IN_FRAMEWORK_HEADER = YES;
				CLANG_WARN_RANGE_LOOP_ANALYSIS = YES;
				CLANG_WARN_STRICT_PROTOTYPES = YES;
				CLANG_WARN_SUSPICIOUS_MOVE = YES;
				CLANG_WARN_UNGUARDED_AVAILABILITY = YES_AGGRESSIVE;
				CLANG_WARN_UNREACHABLE_CODE = YES;
				CLANG_WARN__DUPLICATE_METHOD_MATCH = YES;
				COPY_PHASE_STRIP = NO;
				DEBUG_INFORMATION_FORMAT = "dwarf-with-dsym";
				ENABLE_NS_ASSERTIONS = NO;
				ENABLE_STRICT_OBJC_MSGSEND = YES;
				GCC_C_LANGUAGE_STANDARD = gnu11;
				GCC_NO_COMMON_BLOCKS = YES;
				GCC_WARN_64_TO_32_BIT_CONVERSION = YES;
				GCC_WARN_ABOUT_RETURN_TYPE = YES_ERROR;
				GCC_WARN_UNDECLARED_SELECTOR = YES;
				GCC_WARN_UNINITIALIZED_AUTOS = YES_AGGRESSIVE;
				GCC_WARN_UNUSED_FUNCTION = YES;
				GCC_WARN_UNUSED_VARIABLE = YES;
				IPHONEOS_DEPLOYMENT_TARGET = 14.2;
				MTL_ENABLE_DEBUG_INFO = NO;
				MTL_FAST_MATH = YES;
				SDKROOT = iphoneos;
				SWIFT_COMPILATION_MODE = wholemodule;
				SWIFT_OPTIMIZATION_LEVEL = "-O";
				VALIDATE_PRODUCT = YES;
			};
			name = Release;
		};
		044DEA0B25781AAD00813652 /* Debug */ = {
			isa = XCBuildConfiguration;
			buildSettings = {
				ASSETCATALOG_COMPILER_APPICON_NAME = AppIcon;
				ASSETCATALOG_COMPILER_GLOBAL_ACCENT_COLOR_NAME = AccentColor;
				CODE_SIGN_STYLE = Automatic;
				DEVELOPMENT_ASSET_PATHS = "\"Swift_CheckOut/Preview Content\"";
				DEVELOPMENT_TEAM = UC9H5CAUFU;
				ENABLE_PREVIEWS = YES;
				INFOPLIST_FILE = Swift_CheckOut/Info.plist;
				LD_RUNPATH_SEARCH_PATHS = (
					"$(inherited)",
					"@executable_path/Frameworks",
				);
				PRODUCT_BUNDLE_IDENTIFIER = "com.gbolahankuti.Swift-CheckOut";
				PRODUCT_NAME = "$(TARGET_NAME)";
				SWIFT_VERSION = 5.0;
				TARGETED_DEVICE_FAMILY = "1,2";
			};
			name = Debug;
		};
		044DEA0C25781AAD00813652 /* Release */ = {
			isa = XCBuildConfiguration;
			buildSettings = {
				ASSETCATALOG_COMPILER_APPICON_NAME = AppIcon;
				ASSETCATALOG_COMPILER_GLOBAL_ACCENT_COLOR_NAME = AccentColor;
				CODE_SIGN_STYLE = Automatic;
				DEVELOPMENT_ASSET_PATHS = "\"Swift_CheckOut/Preview Content\"";
				DEVELOPMENT_TEAM = UC9H5CAUFU;
				ENABLE_PREVIEWS = YES;
				INFOPLIST_FILE = Swift_CheckOut/Info.plist;
				LD_RUNPATH_SEARCH_PATHS = (
					"$(inherited)",
					"@executable_path/Frameworks",
				);
				PRODUCT_BUNDLE_IDENTIFIER = "com.gbolahankuti.Swift-CheckOut";
				PRODUCT_NAME = "$(TARGET_NAME)";
				SWIFT_VERSION = 5.0;
				TARGETED_DEVICE_FAMILY = "1,2";
			};
			name = Release;
		};
/* End XCBuildConfiguration section */

/* Begin XCConfigurationList section */
		044DE9F125781AA900813652 /* Build configuration list for PBXProject "Swift_CheckOut" */ = {
			isa = XCConfigurationList;
			buildConfigurations = (
				044DEA0825781AAD00813652 /* Debug */,
				044DEA0925781AAD00813652 /* Release */,
			);
			defaultConfigurationIsVisible = 0;
			defaultConfigurationName = Release;
		};
		044DEA0A25781AAD00813652 /* Build configuration list for PBXNativeTarget "Swift_CheckOut" */ = {
			isa = XCConfigurationList;
			buildConfigurations = (
				044DEA0B25781AAD00813652 /* Debug */,
				044DEA0C25781AAD00813652 /* Release */,
			);
			defaultConfigurationIsVisible = 0;
			defaultConfigurationName = Release;
		};
/* End XCConfigurationList section */
	};
	rootObject = 044DE9EE25781AA800813652 /* Project object */;
}
